{
  "object": {
    "pins": [
      {
        "package": "MarkdownKit",
        "repositoryURL": "https://github.com/objecthub/swift-markdownkit",
        "state": {
          "branch": null,
          "revision": "0ef4936c7990e8b62799d6d7329c7d078b4e7f18",
          "version": "1.1.0"
        }
      }
    ]
  },
  "version": 1
}
