// !$*UTF8*$!
{
	archiveVersion = 1;
	classes = {
	};
	objectVersion = 50;
	objects = {

/* Begin PBXBuildFile section */
		09747E3C261E514B0084E137 /* HorizontallyAlignedLabelStyle.swift in Sources */ = {isa = PBXBuildFile; fileRef = 57472F8B2533B85800F47C29 /* HorizontallyAlignedLabelStyle.swift */; };
		09747E3F261E51630084E137 /* RegisterView.swift in Sources */ = {isa = PBXBuildFile; fileRef = 09FB7F25260C9EF600A3658B /* RegisterView.swift */; };
		09747E45261ECB930084E137 /* ScoreView.swift in Sources */ = {isa = PBXBuildFile; fileRef = 09747E44261ECB930084E137 /* ScoreView.swift */; };
		09747E46261ECB930084E137 /* ScoreView.swift in Sources */ = {isa = PBXBuildFile; fileRef = 09747E44261ECB930084E137 /* ScoreView.swift */; };
		097D852C260D8AD900FE92EB /* HistoryView.swift in Sources */ = {isa = PBXBuildFile; fileRef = 097D8528260D8AD900FE92EB /* HistoryView.swift */; };
		097D852D260D8AD900FE92EB /* HistoryView.swift in Sources */ = {isa = PBXBuildFile; fileRef = 097D8528260D8AD900FE92EB /* HistoryView.swift */; };
		097D852E260D8AD900FE92EB /* StarterView.swift in Sources */ = {isa = PBXBuildFile; fileRef = 097D8529260D8AD900FE92EB /* StarterView.swift */; };
		097D852F260D8AD900FE92EB /* StarterView.swift in Sources */ = {isa = PBXBuildFile; fileRef = 097D8529260D8AD900FE92EB /* StarterView.swift */; };
		097D853E260D8C0300FE92EB /* ChoicesRow.swift in Sources */ = {isa = PBXBuildFile; fileRef = 097D8537260D8C0200FE92EB /* ChoicesRow.swift */; };
		097D853F260D8C0300FE92EB /* ChoicesRow.swift in Sources */ = {isa = PBXBuildFile; fileRef = 097D8537260D8C0200FE92EB /* ChoicesRow.swift */; };
		097D8540260D8C0300FE92EB /* ChallengeView.swift in Sources */ = {isa = PBXBuildFile; fileRef = 097D8538260D8C0200FE92EB /* ChallengeView.swift */; };
		097D8541260D8C0300FE92EB /* ChallengeView.swift in Sources */ = {isa = PBXBuildFile; fileRef = 097D8538260D8C0200FE92EB /* ChallengeView.swift */; };
		097D8542260D8C0300FE92EB /* CongratulationsView.swift in Sources */ = {isa = PBXBuildFile; fileRef = 097D8539260D8C0200FE92EB /* CongratulationsView.swift */; };
		097D8543260D8C0300FE92EB /* CongratulationsView.swift in Sources */ = {isa = PBXBuildFile; fileRef = 097D8539260D8C0200FE92EB /* CongratulationsView.swift */; };
		097D8544260D8C0300FE92EB /* QuestionView.swift in Sources */ = {isa = PBXBuildFile; fileRef = 097D853A260D8C0200FE92EB /* QuestionView.swift */; };
		097D8545260D8C0300FE92EB /* QuestionView.swift in Sources */ = {isa = PBXBuildFile; fileRef = 097D853A260D8C0200FE92EB /* QuestionView.swift */; };
		097D8546260D8C0300FE92EB /* ChallengesViewModel.swift in Sources */ = {isa = PBXBuildFile; fileRef = 097D853B260D8C0300FE92EB /* ChallengesViewModel.swift */; };
		097D8547260D8C0300FE92EB /* ChallengesViewModel.swift in Sources */ = {isa = PBXBuildFile; fileRef = 097D853B260D8C0300FE92EB /* ChallengesViewModel.swift */; };
		097D8548260D8C0300FE92EB /* PracticeView.swift in Sources */ = {isa = PBXBuildFile; fileRef = 097D853C260D8C0300FE92EB /* PracticeView.swift */; };
		097D8549260D8C0300FE92EB /* PracticeView.swift in Sources */ = {isa = PBXBuildFile; fileRef = 097D853C260D8C0300FE92EB /* PracticeView.swift */; };
		097D854A260D8C0300FE92EB /* ChoicesView.swift in Sources */ = {isa = PBXBuildFile; fileRef = 097D853D260D8C0300FE92EB /* ChoicesView.swift */; };
		097D854B260D8C0300FE92EB /* ChoicesView.swift in Sources */ = {isa = PBXBuildFile; fileRef = 097D853D260D8C0300FE92EB /* ChoicesView.swift */; };
		09FB7EE5260C418A00A3658B /* KeyboardFollower.swift in Sources */ = {isa = PBXBuildFile; fileRef = 09FB7EE4260C418A00A3658B /* KeyboardFollower.swift */; };
		09FB7EEB260C41C200A3658B /* UserManager.swift in Sources */ = {isa = PBXBuildFile; fileRef = 09FB7EE8260C41C200A3658B /* UserManager.swift */; };
		09FB7EEC260C41C200A3658B /* UserManager.swift in Sources */ = {isa = PBXBuildFile; fileRef = 09FB7EE8260C41C200A3658B /* UserManager.swift */; };
		09FB7EED260C41C200A3658B /* Profile.swift in Sources */ = {isa = PBXBuildFile; fileRef = 09FB7EE9260C41C200A3658B /* Profile.swift */; };
		09FB7EEE260C41C200A3658B /* Profile.swift in Sources */ = {isa = PBXBuildFile; fileRef = 09FB7EE9260C41C200A3658B /* Profile.swift */; };
		09FB7EEF260C41C200A3658B /* Settings.swift in Sources */ = {isa = PBXBuildFile; fileRef = 09FB7EEA260C41C200A3658B /* Settings.swift */; };
		09FB7EF0260C41C200A3658B /* Settings.swift in Sources */ = {isa = PBXBuildFile; fileRef = 09FB7EEA260C41C200A3658B /* Settings.swift */; };
		09FB7EF4260C8F5A00A3658B /* WelccomeBackgroundImage.swift in Sources */ = {isa = PBXBuildFile; fileRef = 09FB7EF3260C8F5A00A3658B /* WelccomeBackgroundImage.swift */; };
		09FB7EF5260C8F5A00A3658B /* WelccomeBackgroundImage.swift in Sources */ = {isa = PBXBuildFile; fileRef = 09FB7EF3260C8F5A00A3658B /* WelccomeBackgroundImage.swift */; };
		09FB7F1C260C9B9100A3658B /* LogoImage.swift in Sources */ = {isa = PBXBuildFile; fileRef = 09FB7F1B260C9B9100A3658B /* LogoImage.swift */; };
		09FB7F1D260C9B9100A3658B /* LogoImage.swift in Sources */ = {isa = PBXBuildFile; fileRef = 09FB7F1B260C9B9100A3658B /* LogoImage.swift */; };
		09FB7F21260C9E7100A3658B /* WelcomeMessageView.swift in Sources */ = {isa = PBXBuildFile; fileRef = 09FB7F20260C9E7100A3658B /* WelcomeMessageView.swift */; };
		09FB7F22260C9E7100A3658B /* WelcomeMessageView.swift in Sources */ = {isa = PBXBuildFile; fileRef = 09FB7F20260C9E7100A3658B /* WelcomeMessageView.swift */; };
		09FB7F26260C9EF600A3658B /* RegisterView.swift in Sources */ = {isa = PBXBuildFile; fileRef = 09FB7F25260C9EF600A3658B /* RegisterView.swift */; };
		09FB7F2E260CA9F900A3658B /* KuchiApp.swift in Sources */ = {isa = PBXBuildFile; fileRef = 57EF340024E89F91004ABEB2 /* KuchiApp.swift */; };
		09FB7F37260CB53000A3658B /* BorderedViewModifier.swift in Sources */ = {isa = PBXBuildFile; fileRef = 09FB7F36260CB53000A3658B /* BorderedViewModifier.swift */; };
		09FB7F38260CB53000A3658B /* BorderedViewModifier.swift in Sources */ = {isa = PBXBuildFile; fileRef = 09FB7F36260CB53000A3658B /* BorderedViewModifier.swift */; };
		57472F8C2533B85800F47C29 /* HorizontallyAlignedLabelStyle.swift in Sources */ = {isa = PBXBuildFile; fileRef = 57472F8B2533B85800F47C29 /* HorizontallyAlignedLabelStyle.swift */; };
		57578FDE24E9D943003465A4 /* HomeView.swift in Sources */ = {isa = PBXBuildFile; fileRef = 57578FA724E9D943003465A4 /* HomeView.swift */; };
		57578FDF24E9D943003465A4 /* HomeView.swift in Sources */ = {isa = PBXBuildFile; fileRef = 57578FA724E9D943003465A4 /* HomeView.swift */; };
		57578FE224E9D943003465A4 /* Assets.xcassets in Resources */ = {isa = PBXBuildFile; fileRef = 57578FAA24E9D943003465A4 /* Assets.xcassets */; };
		57578FE324E9D943003465A4 /* Assets.xcassets in Resources */ = {isa = PBXBuildFile; fileRef = 57578FAA24E9D943003465A4 /* Assets.xcassets */; };
		57578FE424E9D943003465A4 /* Preview Assets.xcassets in Resources */ = {isa = PBXBuildFile; fileRef = 57578FAC24E9D943003465A4 /* Preview Assets.xcassets */; };
		57578FE524E9D943003465A4 /* Preview Assets.xcassets in Resources */ = {isa = PBXBuildFile; fileRef = 57578FAC24E9D943003465A4 /* Preview Assets.xcassets */; };
		57578FE824E9D943003465A4 /* jp.json in Resources */ = {isa = PBXBuildFile; fileRef = 57578FAF24E9D943003465A4 /* jp.json */; };
		57578FE924E9D943003465A4 /* jp.json in Resources */ = {isa = PBXBuildFile; fileRef = 57578FAF24E9D943003465A4 /* jp.json */; };
		57A447F0252BD68200CF7A3E /* WelcomeView.swift in Sources */ = {isa = PBXBuildFile; fileRef = 57A447EF252BD68200CF7A3E /* WelcomeView.swift */; };
		57EF341324E89F92004ABEB2 /* KuchiApp.swift in Sources */ = {isa = PBXBuildFile; fileRef = 57EF340024E89F91004ABEB2 /* KuchiApp.swift */; };
/* End PBXBuildFile section */

/* Begin PBXFileReference section */
		09747E44261ECB930084E137 /* ScoreView.swift */ = {isa = PBXFileReference; lastKnownFileType = sourcecode.swift; path = ScoreView.swift; sourceTree = "<group>"; };
		097D8528260D8AD900FE92EB /* HistoryView.swift */ = {isa = PBXFileReference; fileEncoding = 4; lastKnownFileType = sourcecode.swift; path = HistoryView.swift; sourceTree = "<group>"; };
		097D8529260D8AD900FE92EB /* StarterView.swift */ = {isa = PBXFileReference; fileEncoding = 4; lastKnownFileType = sourcecode.swift; path = StarterView.swift; sourceTree = "<group>"; };
		097D8537260D8C0200FE92EB /* ChoicesRow.swift */ = {isa = PBXFileReference; fileEncoding = 4; lastKnownFileType = sourcecode.swift; path = ChoicesRow.swift; sourceTree = "<group>"; };
		097D8538260D8C0200FE92EB /* ChallengeView.swift */ = {isa = PBXFileReference; fileEncoding = 4; lastKnownFileType = sourcecode.swift; path = ChallengeView.swift; sourceTree = "<group>"; };
		097D8539260D8C0200FE92EB /* CongratulationsView.swift */ = {isa = PBXFileReference; fileEncoding = 4; lastKnownFileType = sourcecode.swift; path = CongratulationsView.swift; sourceTree = "<group>"; };
		097D853A260D8C0200FE92EB /* QuestionView.swift */ = {isa = PBXFileReference; fileEncoding = 4; lastKnownFileType = sourcecode.swift; path = QuestionView.swift; sourceTree = "<group>"; };
		097D853B260D8C0300FE92EB /* ChallengesViewModel.swift */ = {isa = PBXFileReference; fileEncoding = 4; lastKnownFileType = sourcecode.swift; path = ChallengesViewModel.swift; sourceTree = "<group>"; };
		097D853C260D8C0300FE92EB /* PracticeView.swift */ = {isa = PBXFileReference; fileEncoding = 4; lastKnownFileType = sourcecode.swift; path = PracticeView.swift; sourceTree = "<group>"; };
		097D853D260D8C0300FE92EB /* ChoicesView.swift */ = {isa = PBXFileReference; fileEncoding = 4; lastKnownFileType = sourcecode.swift; path = ChoicesView.swift; sourceTree = "<group>"; };
		09FB7EE4260C418A00A3658B /* KeyboardFollower.swift */ = {isa = PBXFileReference; fileEncoding = 4; lastKnownFileType = sourcecode.swift; name = KeyboardFollower.swift; path = iOS/Utils/KeyboardFollower.swift; sourceTree = SOURCE_ROOT; };
		09FB7EE8260C41C200A3658B /* UserManager.swift */ = {isa = PBXFileReference; fileEncoding = 4; lastKnownFileType = sourcecode.swift; path = UserManager.swift; sourceTree = "<group>"; };
		09FB7EE9260C41C200A3658B /* Profile.swift */ = {isa = PBXFileReference; fileEncoding = 4; lastKnownFileType = sourcecode.swift; path = Profile.swift; sourceTree = "<group>"; };
		09FB7EEA260C41C200A3658B /* Settings.swift */ = {isa = PBXFileReference; fileEncoding = 4; lastKnownFileType = sourcecode.swift; path = Settings.swift; sourceTree = "<group>"; };
		09FB7EF3260C8F5A00A3658B /* WelccomeBackgroundImage.swift */ = {isa = PBXFileReference; lastKnownFileType = sourcecode.swift; path = WelccomeBackgroundImage.swift; sourceTree = "<group>"; };
		09FB7F1B260C9B9100A3658B /* LogoImage.swift */ = {isa = PBXFileReference; lastKnownFileType = sourcecode.swift; path = LogoImage.swift; sourceTree = "<group>"; };
		09FB7F20260C9E7100A3658B /* WelcomeMessageView.swift */ = {isa = PBXFileReference; lastKnownFileType = sourcecode.swift; path = WelcomeMessageView.swift; sourceTree = "<group>"; };
		09FB7F25260C9EF600A3658B /* RegisterView.swift */ = {isa = PBXFileReference; lastKnownFileType = sourcecode.swift; path = RegisterView.swift; sourceTree = "<group>"; };
		09FB7F36260CB53000A3658B /* BorderedViewModifier.swift */ = {isa = PBXFileReference; lastKnownFileType = sourcecode.swift; path = BorderedViewModifier.swift; sourceTree = "<group>"; };
		57472F8B2533B85800F47C29 /* HorizontallyAlignedLabelStyle.swift */ = {isa = PBXFileReference; lastKnownFileType = sourcecode.swift; path = HorizontallyAlignedLabelStyle.swift; sourceTree = "<group>"; };
		57578FA724E9D943003465A4 /* HomeView.swift */ = {isa = PBXFileReference; fileEncoding = 4; lastKnownFileType = sourcecode.swift; path = HomeView.swift; sourceTree = "<group>"; };
		57578FAA24E9D943003465A4 /* Assets.xcassets */ = {isa = PBXFileReference; lastKnownFileType = folder.assetcatalog; path = Assets.xcassets; sourceTree = "<group>"; };
		57578FAC24E9D943003465A4 /* Preview Assets.xcassets */ = {isa = PBXFileReference; lastKnownFileType = folder.assetcatalog; path = "Preview Assets.xcassets"; sourceTree = "<group>"; };
		57578FAF24E9D943003465A4 /* jp.json */ = {isa = PBXFileReference; fileEncoding = 4; lastKnownFileType = text.json; path = jp.json; sourceTree = "<group>"; };
		57A447EF252BD68200CF7A3E /* WelcomeView.swift */ = {isa = PBXFileReference; lastKnownFileType = sourcecode.swift; path = WelcomeView.swift; sourceTree = "<group>"; };
		57EF340024E89F91004ABEB2 /* KuchiApp.swift */ = {isa = PBXFileReference; lastKnownFileType = sourcecode.swift; path = KuchiApp.swift; sourceTree = "<group>"; };
		57EF340724E89F92004ABEB2 /* Kuchi.app */ = {isa = PBXFileReference; explicitFileType = wrapper.application; includeInIndex = 0; path = Kuchi.app; sourceTree = BUILT_PRODUCTS_DIR; };
		57EF340A24E89F92004ABEB2 /* Info.plist */ = {isa = PBXFileReference; lastKnownFileType = text.plist.xml; path = Info.plist; sourceTree = "<group>"; };
		57EF340F24E89F92004ABEB2 /* Kuchi.app */ = {isa = PBXFileReference; explicitFileType = wrapper.application; includeInIndex = 0; path = Kuchi.app; sourceTree = BUILT_PRODUCTS_DIR; };
		57EF341124E89F92004ABEB2 /* Info.plist */ = {isa = PBXFileReference; lastKnownFileType = text.plist.xml; path = Info.plist; sourceTree = "<group>"; };
		57EF341224E89F92004ABEB2 /* macOS.entitlements */ = {isa = PBXFileReference; lastKnownFileType = text.plist.entitlements; path = macOS.entitlements; sourceTree = "<group>"; };
/* End PBXFileReference section */

/* Begin PBXFrameworksBuildPhase section */
		57EF340424E89F92004ABEB2 /* Frameworks */ = {
			isa = PBXFrameworksBuildPhase;
			buildActionMask = 2147483647;
			files = (
			);
			runOnlyForDeploymentPostprocessing = 0;
		};
		57EF340C24E89F92004ABEB2 /* Frameworks */ = {
			isa = PBXFrameworksBuildPhase;
			buildActionMask = 2147483647;
			files = (
			);
			runOnlyForDeploymentPostprocessing = 0;
		};
/* End PBXFrameworksBuildPhase section */

/* Begin PBXGroup section */
		097D8534260D8BE100FE92EB /* Practice */ = {
			isa = PBXGroup;
			children = (
				097D853B260D8C0300FE92EB /* ChallengesViewModel.swift */,
				097D8538260D8C0200FE92EB /* ChallengeView.swift */,
				097D8537260D8C0200FE92EB /* ChoicesRow.swift */,
				097D853D260D8C0300FE92EB /* ChoicesView.swift */,
				097D8539260D8C0200FE92EB /* CongratulationsView.swift */,
				097D853C260D8C0300FE92EB /* PracticeView.swift */,
				097D853A260D8C0200FE92EB /* QuestionView.swift */,
				09747E44261ECB930084E137 /* ScoreView.swift */,
			);
			path = Practice;
			sourceTree = "<group>";
		};
		57578F9024E9D943003465A4 /* Welcome */ = {
			isa = PBXGroup;
			children = (
				57578F9224E9D943003465A4 /* Components */,
				57A447EF252BD68200CF7A3E /* WelcomeView.swift */,
				57472F8B2533B85800F47C29 /* HorizontallyAlignedLabelStyle.swift */,
				09FB7F25260C9EF600A3658B /* RegisterView.swift */,
			);
			path = Welcome;
			sourceTree = "<group>";
		};
		57578F9224E9D943003465A4 /* Components */ = {
			isa = PBXGroup;
			children = (
				09FB7EF3260C8F5A00A3658B /* WelccomeBackgroundImage.swift */,
				09FB7F1B260C9B9100A3658B /* LogoImage.swift */,
				09FB7F20260C9E7100A3658B /* WelcomeMessageView.swift */,
				09FB7F36260CB53000A3658B /* BorderedViewModifier.swift */,
			);
			path = Components;
			sourceTree = "<group>";
		};
		57578FA924E9D943003465A4 /* Resources */ = {
			isa = PBXGroup;
			children = (
				57578FAA24E9D943003465A4 /* Assets.xcassets */,
				57578FAB24E9D943003465A4 /* Preview Content */,
				57578FAF24E9D943003465A4 /* jp.json */,
			);
			path = Resources;
			sourceTree = "<group>";
		};
		57578FAB24E9D943003465A4 /* Preview Content */ = {
			isa = PBXGroup;
			children = (
				57578FAC24E9D943003465A4 /* Preview Assets.xcassets */,
			);
			path = "Preview Content";
			sourceTree = "<group>";
		};
		57B3CA462536553D00888D62 /* Profile */ = {
			isa = PBXGroup;
			children = (
				09FB7EE9260C41C200A3658B /* Profile.swift */,
				09FB7EEA260C41C200A3658B /* Settings.swift */,
				09FB7EE8260C41C200A3658B /* UserManager.swift */,
			);
			path = Profile;
			sourceTree = "<group>";
		};
		57B3CA58253655AF00888D62 /* Utils */ = {
			isa = PBXGroup;
			children = (
				09FB7EE4260C418A00A3658B /* KeyboardFollower.swift */,
			);
			path = Utils;
			sourceTree = "<group>";
		};
		57EF33FA24E89F91004ABEB2 = {
			isa = PBXGroup;
			children = (
				57EF33FF24E89F91004ABEB2 /* Shared */,
				57EF340924E89F92004ABEB2 /* iOS */,
				57EF341024E89F92004ABEB2 /* macOS */,
				57EF340824E89F92004ABEB2 /* Products */,
			);
			sourceTree = "<group>";
		};
		57EF33FF24E89F91004ABEB2 /* Shared */ = {
			isa = PBXGroup;
			children = (
				097D8529260D8AD900FE92EB /* StarterView.swift */,
				097D8528260D8AD900FE92EB /* HistoryView.swift */,
				57578FA724E9D943003465A4 /* HomeView.swift */,
				57EF340024E89F91004ABEB2 /* KuchiApp.swift */,
				097D8534260D8BE100FE92EB /* Practice */,
				57B3CA462536553D00888D62 /* Profile */,
				57578FA924E9D943003465A4 /* Resources */,
				57578F9024E9D943003465A4 /* Welcome */,
			);
			path = Shared;
			sourceTree = "<group>";
		};
		57EF340824E89F92004ABEB2 /* Products */ = {
			isa = PBXGroup;
			children = (
				57EF340724E89F92004ABEB2 /* Kuchi.app */,
				57EF340F24E89F92004ABEB2 /* Kuchi.app */,
			);
			name = Products;
			sourceTree = "<group>";
		};
		57EF340924E89F92004ABEB2 /* iOS */ = {
			isa = PBXGroup;
			children = (
				57B3CA58253655AF00888D62 /* Utils */,
				57EF340A24E89F92004ABEB2 /* Info.plist */,
			);
			path = iOS;
			sourceTree = "<group>";
		};
		57EF341024E89F92004ABEB2 /* macOS */ = {
			isa = PBXGroup;
			children = (
				57EF341124E89F92004ABEB2 /* Info.plist */,
				57EF341224E89F92004ABEB2 /* macOS.entitlements */,
			);
			path = macOS;
			sourceTree = "<group>";
		};
/* End PBXGroup section */

/* Begin PBXNativeTarget section */
		57EF340624E89F92004ABEB2 /* Kuchi (iOS) */ = {
			isa = PBXNativeTarget;
			buildConfigurationList = 57EF341B24E89F92004ABEB2 /* Build configuration list for PBXNativeTarget "Kuchi (iOS)" */;
			buildPhases = (
				57EF340324E89F92004ABEB2 /* Sources */,
				57EF340424E89F92004ABEB2 /* Frameworks */,
				57EF340524E89F92004ABEB2 /* Resources */,
			);
			buildRules = (
			);
			dependencies = (
			);
			name = "Kuchi (iOS)";
			productName = "Kuchi (iOS)";
			productReference = 57EF340724E89F92004ABEB2 /* Kuchi.app */;
			productType = "com.apple.product-type.application";
		};
		57EF340E24E89F92004ABEB2 /* Kuchi (macOS) */ = {
			isa = PBXNativeTarget;
			buildConfigurationList = 57EF341E24E89F92004ABEB2 /* Build configuration list for PBXNativeTarget "Kuchi (macOS)" */;
			buildPhases = (
				57EF340B24E89F92004ABEB2 /* Sources */,
				57EF340C24E89F92004ABEB2 /* Frameworks */,
				57EF340D24E89F92004ABEB2 /* Resources */,
			);
			buildRules = (
			);
			dependencies = (
			);
			name = "Kuchi (macOS)";
			productName = "Kuchi (macOS)";
			productReference = 57EF340F24E89F92004ABEB2 /* Kuchi.app */;
			productType = "com.apple.product-type.application";
		};
/* End PBXNativeTarget section */

/* Begin PBXProject section */
		57EF33FB24E89F91004ABEB2 /* Project object */ = {
			isa = PBXProject;
			attributes = {
				LastSwiftUpdateCheck = 1200;
				LastUpgradeCheck = 1200;
				TargetAttributes = {
					57EF340624E89F92004ABEB2 = {
						CreatedOnToolsVersion = 12.0;
					};
					57EF340E24E89F92004ABEB2 = {
						CreatedOnToolsVersion = 12.0;
					};
				};
			};
			buildConfigurationList = 57EF33FE24E89F91004ABEB2 /* Build configuration list for PBXProject "Kuchi" */;
			compatibilityVersion = "Xcode 9.3";
			developmentRegion = en;
			hasScannedForEncodings = 0;
			knownRegions = (
				en,
				Base,
			);
			mainGroup = 57EF33FA24E89F91004ABEB2;
			productRefGroup = 57EF340824E89F92004ABEB2 /* Products */;
			projectDirPath = "";
			projectRoot = "";
			targets = (
				57EF340624E89F92004ABEB2 /* Kuchi (iOS) */,
				57EF340E24E89F92004ABEB2 /* Kuchi (macOS) */,
			);
		};
/* End PBXProject section */

/* Begin PBXResourcesBuildPhase section */
		57EF340524E89F92004ABEB2 /* Resources */ = {
			isa = PBXResourcesBuildPhase;
			buildActionMask = 2147483647;
			files = (
				57578FE424E9D943003465A4 /* Preview Assets.xcassets in Resources */,
				57578FE824E9D943003465A4 /* jp.json in Resources */,
				57578FE224E9D943003465A4 /* Assets.xcassets in Resources */,
			);
			runOnlyForDeploymentPostprocessing = 0;
		};
		57EF340D24E89F92004ABEB2 /* Resources */ = {
			isa = PBXResourcesBuildPhase;
			buildActionMask = 2147483647;
			files = (
				57578FE524E9D943003465A4 /* Preview Assets.xcassets in Resources */,
				57578FE924E9D943003465A4 /* jp.json in Resources */,
				57578FE324E9D943003465A4 /* Assets.xcassets in Resources */,
			);
			runOnlyForDeploymentPostprocessing = 0;
		};
/* End PBXResourcesBuildPhase section */

/* Begin PBXSourcesBuildPhase section */
		57EF340324E89F92004ABEB2 /* Sources */ = {
			isa = PBXSourcesBuildPhase;
			buildActionMask = 2147483647;
			files = (
				09747E45261ECB930084E137 /* ScoreView.swift in Sources */,
				09FB7EF4260C8F5A00A3658B /* WelccomeBackgroundImage.swift in Sources */,
				097D853E260D8C0300FE92EB /* ChoicesRow.swift in Sources */,
				09FB7EEB260C41C200A3658B /* UserManager.swift in Sources */,
				09FB7F1C260C9B9100A3658B /* LogoImage.swift in Sources */,
				097D8548260D8C0300FE92EB /* PracticeView.swift in Sources */,
				097D8542260D8C0300FE92EB /* CongratulationsView.swift in Sources */,
				57EF341324E89F92004ABEB2 /* KuchiApp.swift in Sources */,
				097D8546260D8C0300FE92EB /* ChallengesViewModel.swift in Sources */,
				097D8540260D8C0300FE92EB /* ChallengeView.swift in Sources */,
				09FB7EEF260C41C200A3658B /* Settings.swift in Sources */,
				09FB7F21260C9E7100A3658B /* WelcomeMessageView.swift in Sources */,
				57472F8C2533B85800F47C29 /* HorizontallyAlignedLabelStyle.swift in Sources */,
				097D852C260D8AD900FE92EB /* HistoryView.swift in Sources */,
				09FB7EED260C41C200A3658B /* Profile.swift in Sources */,
				57A447F0252BD68200CF7A3E /* WelcomeView.swift in Sources */,
				097D8544260D8C0300FE92EB /* QuestionView.swift in Sources */,
				09FB7F37260CB53000A3658B /* BorderedViewModifier.swift in Sources */,
				097D852E260D8AD900FE92EB /* StarterView.swift in Sources */,
				09FB7F26260C9EF600A3658B /* RegisterView.swift in Sources */,
				097D854A260D8C0300FE92EB /* ChoicesView.swift in Sources */,
				57578FDE24E9D943003465A4 /* HomeView.swift in Sources */,
				09FB7EE5260C418A00A3658B /* KeyboardFollower.swift in Sources */,
			);
			runOnlyForDeploymentPostprocessing = 0;
		};
		57EF340B24E89F92004ABEB2 /* Sources */ = {
			isa = PBXSourcesBuildPhase;
			buildActionMask = 2147483647;
			files = (
				097D852F260D8AD900FE92EB /* StarterView.swift in Sources */,
				09747E3F261E51630084E137 /* RegisterView.swift in Sources */,
				09FB7EF5260C8F5A00A3658B /* WelccomeBackgroundImage.swift in Sources */,
				09FB7F38260CB53000A3658B /* BorderedViewModifier.swift in Sources */,
				09FB7F2E260CA9F900A3658B /* KuchiApp.swift in Sources */,
				097D852D260D8AD900FE92EB /* HistoryView.swift in Sources */,
				09FB7EF0260C41C200A3658B /* Settings.swift in Sources */,
				09FB7F22260C9E7100A3658B /* WelcomeMessageView.swift in Sources */,
				09FB7F1D260C9B9100A3658B /* LogoImage.swift in Sources */,
				09FB7EEE260C41C200A3658B /* Profile.swift in Sources */,
				097D8549260D8C0300FE92EB /* PracticeView.swift in Sources */,
				09747E46261ECB930084E137 /* ScoreView.swift in Sources */,
				097D854B260D8C0300FE92EB /* ChoicesView.swift in Sources */,
				097D8543260D8C0300FE92EB /* CongratulationsView.swift in Sources */,
				097D8541260D8C0300FE92EB /* ChallengeView.swift in Sources */,
				09FB7EEC260C41C200A3658B /* UserManager.swift in Sources */,
				57578FDF24E9D943003465A4 /* HomeView.swift in Sources */,
				09747E3C261E514B0084E137 /* HorizontallyAlignedLabelStyle.swift in Sources */,
				097D8545260D8C0300FE92EB /* QuestionView.swift in Sources */,
				097D853F260D8C0300FE92EB /* ChoicesRow.swift in Sources */,
				097D8547260D8C0300FE92EB /* ChallengesViewModel.swift in Sources */,
			);
			runOnlyForDeploymentPostprocessing = 0;
		};
/* End PBXSourcesBuildPhase section */

/* Begin XCBuildConfiguration section */
		57EF341924E89F92004ABEB2 /* Debug */ = {
			isa = XCBuildConfiguration;
			buildSettings = {
				ALWAYS_SEARCH_USER_PATHS = NO;
				CLANG_ANALYZER_NONNULL = YES;
				CLANG_ANALYZER_NUMBER_OBJECT_CONVERSION = YES_AGGRESSIVE;
				CLANG_CXX_LANGUAGE_STANDARD = "gnu++14";
				CLANG_CXX_LIBRARY = "libc++";
				CLANG_ENABLE_MODULES = YES;
				CLANG_ENABLE_OBJC_ARC = YES;
				CLANG_ENABLE_OBJC_WEAK = YES;
				CLANG_WARN_BLOCK_CAPTURE_AUTORELEASING = YES;
				CLANG_WARN_BOOL_CONVERSION = YES;
				CLANG_WARN_COMMA = YES;
				CLANG_WARN_CONSTANT_CONVERSION = YES;
				CLANG_WARN_DEPRECATED_OBJC_IMPLEMENTATIONS = YES;
				CLANG_WARN_DIRECT_OBJC_ISA_USAGE = YES_ERROR;
				CLANG_WARN_DOCUMENTATION_COMMENTS = YES;
				CLANG_WARN_EMPTY_BODY = YES;
				CLANG_WARN_ENUM_CONVERSION = YES;
				CLANG_WARN_INFINITE_RECURSION = YES;
				CLANG_WARN_INT_CONVERSION = YES;
				CLANG_WARN_NON_LITERAL_NULL_CONVERSION = YES;
				CLANG_WARN_OBJC_IMPLICIT_RETAIN_SELF = YES;
				CLANG_WARN_OBJC_LITERAL_CONVERSION = YES;
				CLANG_WARN_OBJC_ROOT_CLASS = YES_ERROR;
				CLANG_WARN_QUOTED_INCLUDE_IN_FRAMEWORK_HEADER = YES;
				CLANG_WARN_RANGE_LOOP_ANALYSIS = YES;
				CLANG_WARN_STRICT_PROTOTYPES = YES;
				CLANG_WARN_SUSPICIOUS_MOVE = YES;
				CLANG_WARN_UNGUARDED_AVAILABILITY = YES_AGGRESSIVE;
				CLANG_WARN_UNREACHABLE_CODE = YES;
				CLANG_WARN__DUPLICATE_METHOD_MATCH = YES;
				COPY_PHASE_STRIP = NO;
				DEBUG_INFORMATION_FORMAT = dwarf;
				ENABLE_STRICT_OBJC_MSGSEND = YES;
				ENABLE_TESTABILITY = YES;
				GCC_C_LANGUAGE_STANDARD = gnu11;
				GCC_DYNAMIC_NO_PIC = NO;
				GCC_NO_COMMON_BLOCKS = YES;
				GCC_OPTIMIZATION_LEVEL = 0;
				GCC_PREPROCESSOR_DEFINITIONS = (
					"DEBUG=1",
					"$(inherited)",
				);
				GCC_WARN_64_TO_32_BIT_CONVERSION = YES;
				GCC_WARN_ABOUT_RETURN_TYPE = YES_ERROR;
				GCC_WARN_UNDECLARED_SELECTOR = YES;
				GCC_WARN_UNINITIALIZED_AUTOS = YES_AGGRESSIVE;
				GCC_WARN_UNUSED_FUNCTION = YES;
				GCC_WARN_UNUSED_VARIABLE = YES;
				IPHONEOS_DEPLOYMENT_TARGET = 14.4;
				MACOSX_DEPLOYMENT_TARGET = 11.1;
				MTL_ENABLE_DEBUG_INFO = INCLUDE_SOURCE;
				MTL_FAST_MATH = YES;
				ONLY_ACTIVE_ARCH = YES;
				SWIFT_ACTIVE_COMPILATION_CONDITIONS = DEBUG;
				SWIFT_OPTIMIZATION_LEVEL = "-Onone";
			};
			name = Debug;
		};
		57EF341A24E89F92004ABEB2 /* Release */ = {
			isa = XCBuildConfiguration;
			buildSettings = {
				ALWAYS_SEARCH_USER_PATHS = NO;
				CLANG_ANALYZER_NONNULL = YES;
				CLANG_ANALYZER_NUMBER_OBJECT_CONVERSION = YES_AGGRESSIVE;
				CLANG_CXX_LANGUAGE_STANDARD = "gnu++14";
				CLANG_CXX_LIBRARY = "libc++";
				CLANG_ENABLE_MODULES = YES;
				CLANG_ENABLE_OBJC_ARC = YES;
				CLANG_ENABLE_OBJC_WEAK = YES;
				CLANG_WARN_BLOCK_CAPTURE_AUTORELEASING = YES;
				CLANG_WARN_BOOL_CONVERSION = YES;
				CLANG_WARN_COMMA = YES;
				CLANG_WARN_CONSTANT_CONVERSION = YES;
				CLANG_WARN_DEPRECATED_OBJC_IMPLEMENTATIONS = YES;
				CLANG_WARN_DIRECT_OBJC_ISA_USAGE = YES_ERROR;
				CLANG_WARN_DOCUMENTATION_COMMENTS = YES;
				CLANG_WARN_EMPTY_BODY = YES;
				CLANG_WARN_ENUM_CONVERSION = YES;
				CLANG_WARN_INFINITE_RECURSION = YES;
				CLANG_WARN_INT_CONVERSION = YES;
				CLANG_WARN_NON_LITERAL_NULL_CONVERSION = YES;
				CLANG_WARN_OBJC_IMPLICIT_RETAIN_SELF = YES;
				CLANG_WARN_OBJC_LITERAL_CONVERSION = YES;
				CLANG_WARN_OBJC_ROOT_CLASS = YES_ERROR;
				CLANG_WARN_QUOTED_INCLUDE_IN_FRAMEWORK_HEADER = YES;
				CLANG_WARN_RANGE_LOOP_ANALYSIS = YES;
				CLANG_WARN_STRICT_PROTOTYPES = YES;
				CLANG_WARN_SUSPICIOUS_MOVE = YES;
				CLANG_WARN_UNGUARDED_AVAILABILITY = YES_AGGRESSIVE;
				CLANG_WARN_UNREACHABLE_CODE = YES;
				CLANG_WARN__DUPLICATE_METHOD_MATCH = YES;
				COPY_PHASE_STRIP = NO;
				DEBUG_INFORMATION_FORMAT = "dwarf-with-dsym";
				ENABLE_NS_ASSERTIONS = NO;
				ENABLE_STRICT_OBJC_MSGSEND = YES;
				GCC_C_LANGUAGE_STANDARD = gnu11;
				GCC_NO_COMMON_BLOCKS = YES;
				GCC_WARN_64_TO_32_BIT_CONVERSION = YES;
				GCC_WARN_ABOUT_RETURN_TYPE = YES_ERROR;
				GCC_WARN_UNDECLARED_SELECTOR = YES;
				GCC_WARN_UNINITIALIZED_AUTOS = YES_AGGRESSIVE;
				GCC_WARN_UNUSED_FUNCTION = YES;
				GCC_WARN_UNUSED_VARIABLE = YES;
				IPHONEOS_DEPLOYMENT_TARGET = 14.4;
				MACOSX_DEPLOYMENT_TARGET = 11.1;
				MTL_ENABLE_DEBUG_INFO = NO;
				MTL_FAST_MATH = YES;
				SWIFT_COMPILATION_MODE = wholemodule;
				SWIFT_OPTIMIZATION_LEVEL = "-O";
			};
			name = Release;
		};
		57EF341C24E89F92004ABEB2 /* Debug */ = {
			isa = XCBuildConfiguration;
			buildSettings = {
				ASSETCATALOG_COMPILER_APPICON_NAME = AppIcon;
				ASSETCATALOG_COMPILER_GLOBAL_ACCENT_COLOR_NAME = AccentColor;
				CODE_SIGN_STYLE = Automatic;
				DEVELOPMENT_TEAM = 42E64L44C7;
				ENABLE_PREVIEWS = YES;
				INFOPLIST_FILE = iOS/Info.plist;
				IPHONEOS_DEPLOYMENT_TARGET = 14.4;
				LD_RUNPATH_SEARCH_PATHS = (
					"$(inherited)",
					"@executable_path/Frameworks",
				);
				PRODUCT_BUNDLE_IDENTIFIER = com.razeware.Kuchi;
				PRODUCT_NAME = Kuchi;
				SDKROOT = iphoneos;
				SWIFT_VERSION = 5.0;
				TARGETED_DEVICE_FAMILY = "1,2";
			};
			name = Debug;
		};
		57EF341D24E89F92004ABEB2 /* Release */ = {
			isa = XCBuildConfiguration;
			buildSettings = {
				ASSETCATALOG_COMPILER_APPICON_NAME = AppIcon;
				ASSETCATALOG_COMPILER_GLOBAL_ACCENT_COLOR_NAME = AccentColor;
				CODE_SIGN_STYLE = Automatic;
				DEVELOPMENT_TEAM = 42E64L44C7;
				ENABLE_PREVIEWS = YES;
				INFOPLIST_FILE = iOS/Info.plist;
				IPHONEOS_DEPLOYMENT_TARGET = 14.4;
				LD_RUNPATH_SEARCH_PATHS = (
					"$(inherited)",
					"@executable_path/Frameworks",
				);
				PRODUCT_BUNDLE_IDENTIFIER = com.razeware.Kuchi;
				PRODUCT_NAME = Kuchi;
				SDKROOT = iphoneos;
				SWIFT_VERSION = 5.0;
				TARGETED_DEVICE_FAMILY = "1,2";
				VALIDATE_PRODUCT = YES;
			};
			name = Release;
		};
		57EF341F24E89F92004ABEB2 /* Debug */ = {
			isa = XCBuildConfiguration;
			buildSettings = {
				ASSETCATALOG_COMPILER_APPICON_NAME = AppIcon;
				ASSETCATALOG_COMPILER_GLOBAL_ACCENT_COLOR_NAME = AccentColor;
				CODE_SIGN_ENTITLEMENTS = macOS/macOS.entitlements;
				CODE_SIGN_IDENTITY = "-";
				CODE_SIGN_STYLE = Automatic;
				COMBINE_HIDPI_IMAGES = YES;
				DEVELOPMENT_TEAM = 42E64L44C7;
				ENABLE_PREVIEWS = YES;
				INFOPLIST_FILE = macOS/Info.plist;
				LD_RUNPATH_SEARCH_PATHS = (
					"$(inherited)",
					"@executable_path/../Frameworks",
				);
				MACOSX_DEPLOYMENT_TARGET = 11.1;
				PRODUCT_BUNDLE_IDENTIFIER = com.razeware.Kuchi;
				PRODUCT_NAME = Kuchi;
				SDKROOT = macosx;
				SWIFT_VERSION = 5.0;
			};
			name = Debug;
		};
		57EF342024E89F92004ABEB2 /* Release */ = {
			isa = XCBuildConfiguration;
			buildSettings = {
				ASSETCATALOG_COMPILER_APPICON_NAME = AppIcon;
				ASSETCATALOG_COMPILER_GLOBAL_ACCENT_COLOR_NAME = AccentColor;
				CODE_SIGN_ENTITLEMENTS = macOS/macOS.entitlements;
				CODE_SIGN_IDENTITY = "-";
				CODE_SIGN_STYLE = Automatic;
				COMBINE_HIDPI_IMAGES = YES;
				DEVELOPMENT_TEAM = 42E64L44C7;
				ENABLE_PREVIEWS = YES;
				INFOPLIST_FILE = macOS/Info.plist;
				LD_RUNPATH_SEARCH_PATHS = (
					"$(inherited)",
					"@executable_path/../Frameworks",
				);
				MACOSX_DEPLOYMENT_TARGET = 11.1;
				PRODUCT_BUNDLE_IDENTIFIER = com.razeware.Kuchi;
				PRODUCT_NAME = Kuchi;
				SDKROOT = macosx;
				SWIFT_VERSION = 5.0;
			};
			name = Release;
		};
/* End XCBuildConfiguration section */

/* Begin XCConfigurationList section */
		57EF33FE24E89F91004ABEB2 /* Build configuration list for PBXProject "Kuchi" */ = {
			isa = XCConfigurationList;
			buildConfigurations = (
				57EF341924E89F92004ABEB2 /* Debug */,
				57EF341A24E89F92004ABEB2 /* Release */,
			);
			defaultConfigurationIsVisible = 0;
			defaultConfigurationName = Release;
		};
		57EF341B24E89F92004ABEB2 /* Build configuration list for PBXNativeTarget "Kuchi (iOS)" */ = {
			isa = XCConfigurationList;
			buildConfigurations = (
				57EF341C24E89F92004ABEB2 /* Debug */,
				57EF341D24E89F92004ABEB2 /* Release */,
			);
			defaultConfigurationIsVisible = 0;
			defaultConfigurationName = Release;
		};
		57EF341E24E89F92004ABEB2 /* Build configuration list for PBXNativeTarget "Kuchi (macOS)" */ = {
			isa = XCConfigurationList;
			buildConfigurations = (
				57EF341F24E89F92004ABEB2 /* Debug */,
				57EF342024E89F92004ABEB2 /* Release */,
			);
			defaultConfigurationIsVisible = 0;
			defaultConfigurationName = Release;
		};
/* End XCConfigurationList section */
	};
	rootObject = 57EF33FB24E89F91004ABEB2 /* Project object */;
}
